
Microsoft Visual Studio Solution File, Format Version 12.00
# Visual Studio Version 17
VisualStudioVersion = 17.10.35122.118
MinimumVisualStudioVersion = 10.0.40219.1
Project("{8BC9CEB8-8B4A-11D0-8D11-00A0C91BC942}") = "240822_prac1", "240822_prac1.vcxproj", "{34776CA3-2213-43F4-B76A-34693B0FE08D}"
EndProject
Global
	GlobalSection(SolutionConfigurationPlatforms) = preSolution
		Debug|x64 = Debug|x64
		Debug|x86 = Debug|x86
		Release|x64 = Release|x64
		Release|x86 = Release|x86
	EndGlobalSection
	GlobalSection(ProjectConfigurationPlatforms) = postSolution
		{34776CA3-2213-43F4-B76A-34693B0FE08D}.Debug|x64.ActiveCfg = Debug|x64
		{34776CA3-2213-43F4-B76A-34693B0FE08D}.Debug|x64.Build.0 = Debug|x64
		{34776CA3-2213-43F4-B76A-34693B0FE08D}.Debug|x86.ActiveCfg = Debug|Win32
		{34776CA3-2213-43F4-B76A-34693B0FE08D}.Debug|x86.Build.0 = Debug|Win32
		{34776CA3-2213-43F4-B76A-34693B0FE08D}.Release|x64.ActiveCfg = Release|x64
		{34776CA3-2213-43F4-B76A-34693B0FE08D}.Release|x64.Build.0 = Release|x64
		{34776CA3-2213-43F4-B76A-34693B0FE08D}.Release|x86.ActiveCfg = Release|Win32
		{34776CA3-2213-43F4-B76A-34693B0FE08D}.Release|x86.Build.0 = Release|Win32
	EndGlobalSection
	GlobalSection(SolutionProperties) = preSolution
		HideSolutionNode = FALSE
	EndGlobalSection
	GlobalSection(ExtensibilityGlobals) = postSolution
		SolutionGuid = {7EB6CD73-ABE4-45F5-B7A1-303C5BE615CA}
	EndGlobalSection
EndGlobal
